{
  "name": "gulp-rev-append-all-srcset",
  "version": "0.1.8",
  "lockfileVersion": 2,
  "requires": true,
  "packages": {
    "": {
      "version": "0.1.8",
      "license": "MIT",
      "dependencies": {
        "event-stream": "^4.0.1",
        "gulp-util": "^2.2.20"
      }
    },
    "node_modules/ansi-regex": {
      "version": "0.2.1",
      "resolved": "http://registry.npm.taobao.org/ansi-regex/download/ansi-regex-0.2.1.tgz",
      "license": "MIT",
      "engines": {
        "node": ">=0.10.0"
      }
    },
    "node_modules/ansi-styles": {
      "version": "1.1.0",
      "resolved": "http://registry.npm.taobao.org/ansi-styles/download/ansi-styles-1.1.0.tgz",
      "license": "MIT",
      "engines": {
        "node": ">=0.10.0"
      }
    },
    "node_modules/chalk": {
      "version": "0.5.1",
      "resolved": "http://registry.npm.taobao.org/chalk/download/chalk-0.5.1.tgz",
      "license": "MIT",
      "dependencies": {
        "ansi-styles": "^1.1.0",
        "escape-string-regexp": "^1.0.0",
        "has-ansi": "^0.1.0",
        "strip-ansi": "^0.3.0",
        "supports-color": "^0.2.0"
      },
      "engines": {
        "node": ">=0.10.0"
      }
    },
    "node_modules/duplexer": {
      "version": "0.1.2",
      "resolved": "https://registry.npmjs.org/duplexer/-/duplexer-0.1.2.tgz",
      "integrity": "sha512-jtD6YG370ZCIi/9GTaJKQxWTZD045+4R4hTk/x1UyoqadyJ9x9CgSi1RlVDQF8U2sxLLSnFkCaMihqljHIWgMg=="
    },
    "node_modules/event-stream": {
      "version": "4.0.1",
      "resolved": "https://registry.npmjs.org/event-stream/-/event-stream-4.0.1.tgz",
      "integrity": "sha512-qACXdu/9VHPBzcyhdOWR5/IahhGMf0roTeZJfzz077GwylcDd90yOHLouhmv7GJ5XzPi6ekaQWd8AvPP2nOvpA==",
      "dependencies": {
        "duplexer": "^0.1.1",
        "from": "^0.1.7",
        "map-stream": "0.0.7",
        "pause-stream": "^0.0.11",
        "split": "^1.0.1",
        "stream-combiner": "^0.2.2",
        "through": "^2.3.8"
      }
    },
    "node_modules/from": {
      "version": "0.1.7",
      "resolved": "https://registry.npmjs.org/from/-/from-0.1.7.tgz",
      "integrity": "sha1-g8YK/Fi5xWmXAH7Rp2izqzA6RP4="
    },
    "node_modules/gulp-util": {
      "version": "2.2.20",
      "resolved": "http://registry.npm.taobao.org/gulp-util/download/gulp-util-2.2.20.tgz",
      "dependencies": {
        "chalk": "^0.5.0",
        "dateformat": "^1.0.7-1.2.3",
        "lodash._reinterpolate": "^2.4.1",
        "lodash.template": "^2.4.1",
        "minimist": "^0.2.0",
        "multipipe": "^0.1.0",
        "through2": "^0.5.0",
        "vinyl": "^0.2.1"
      },
      "engines": {
        "node": ">= 0.9"
      }
    },
    "node_modules/has-ansi": {
      "version": "0.1.0",
      "resolved": "http://registry.npm.taobao.org/has-ansi/download/has-ansi-0.1.0.tgz",
      "license": "MIT",
      "dependencies": {
        "ansi-regex": "^0.2.0"
      },
      "bin": {
        "has-ansi": "cli.js"
      },
      "engines": {
        "node": ">=0.10.0"
      }
    },
    "node_modules/lodash._reinterpolate": {
      "version": "2.4.1",
      "resolved": "http://registry.npm.taobao.org/lodash._reinterpolate/download/lodash._reinterpolate-2.4.1.tgz",
      "license": "MIT"
    },
    "node_modules/lodash.escape": {
      "version": "2.4.1",
      "resolved": "http://registry.npm.taobao.org/lodash.escape/download/lodash.escape-2.4.1.tgz",
      "license": "MIT",
      "dependencies": {
        "lodash._escapehtmlchar": "~2.4.1",
        "lodash._reunescapedhtml": "~2.4.1",
        "lodash.keys": "~2.4.1"
      }
    },
    "node_modules/lodash.keys": {
      "version": "2.4.1",
      "resolved": "http://registry.npm.taobao.org/lodash.keys/download/lodash.keys-2.4.1.tgz",
      "license": "MIT",
      "dependencies": {
        "lodash._isnative": "~2.4.1",
        "lodash._shimkeys": "~2.4.1",
        "lodash.isobject": "~2.4.1"
      }
    },
    "node_modules/lodash.template": {
      "version": "2.4.1",
      "resolved": "http://registry.npm.taobao.org/lodash.template/download/lodash.template-2.4.1.tgz",
      "license": "MIT",
      "dependencies": {
        "lodash._escapestringchar": "~2.4.1",
        "lodash._reinterpolate": "~2.4.1",
        "lodash.defaults": "~2.4.1",
        "lodash.escape": "~2.4.1",
        "lodash.keys": "~2.4.1",
        "lodash.templatesettings": "~2.4.1",
        "lodash.values": "~2.4.1"
      }
    },
    "node_modules/lodash.templatesettings": {
      "version": "2.4.1",
      "resolved": "http://registry.npm.taobao.org/lodash.templatesettings/download/lodash.templatesettings-2.4.1.tgz",
      "license": "MIT",
      "dependencies": {
        "lodash._reinterpolate": "~2.4.1",
        "lodash.escape": "~2.4.1"
      }
    },
    "node_modules/map-stream": {
      "version": "0.0.7",
      "resolved": "https://registry.npmjs.org/map-stream/-/map-stream-0.0.7.tgz",
      "integrity": "sha1-ih8HiW2CsQkmvTdEokIACfiJdKg="
    },
    "node_modules/minimist": {
      "version": "0.2.0",
      "resolved": "http://registry.npm.taobao.org/minimist/download/minimist-0.2.0.tgz",
      "license": "MIT"
    },
    "node_modules/pause-stream": {
      "version": "0.0.11",
      "resolved": "https://registry.npmjs.org/pause-stream/-/pause-stream-0.0.11.tgz",
      "integrity": "sha1-/lo0sMvOErWqaitAPuLnO2AvFEU=",
      "dependencies": {
        "through": "~2.3"
      }
    },
    "node_modules/readable-stream": {
      "version": "1.0.34",
      "resolved": "http://registry.npm.taobao.org/readable-stream/download/readable-stream-1.0.34.tgz",
      "license": "MIT",
      "dependencies": {
        "core-util-is": "~1.0.0",
        "inherits": "~2.0.1",
        "isarray": "0.0.1",
        "string_decoder": "~0.10.x"
      }
    },
    "node_modules/split": {
      "version": "1.0.1",
      "resolved": "https://registry.npmjs.org/split/-/split-1.0.1.tgz",
      "integrity": "sha512-mTyOoPbrivtXnwnIxZRFYRrPNtEFKlpB2fvjSnCQUiAA6qAZzqwna5envK4uk6OIeP17CsdF3rSBGYVBsU0Tkg==",
      "dependencies": {
        "through": "2"
      },
      "engines": {
        "node": "*"
      }
    },
    "node_modules/stream-combiner": {
      "version": "0.2.2",
      "resolved": "https://registry.npmjs.org/stream-combiner/-/stream-combiner-0.2.2.tgz",
      "integrity": "sha1-rsjLrBd7Vrb0+kec7YwZEs7lKFg=",
      "dependencies": {
        "duplexer": "~0.1.1",
        "through": "~2.3.4"
      }
    },
    "node_modules/strip-ansi": {
      "version": "0.3.0",
      "resolved": "http://registry.npm.taobao.org/strip-ansi/download/strip-ansi-0.3.0.tgz",
      "license": "MIT",
      "dependencies": {
        "ansi-regex": "^0.2.1"
      },
      "bin": {
        "strip-ansi": "cli.js"
      },
      "engines": {
        "node": ">=0.10.0"
      }
    },
    "node_modules/supports-color": {
      "version": "0.2.0",
      "resolved": "http://registry.npm.taobao.org/supports-color/download/supports-color-0.2.0.tgz",
      "license": "MIT",
      "bin": {
        "supports-color": "cli.js"
      },
      "engines": {
        "node": ">=0.10.0"
      }
    },
    "node_modules/through": {
      "version": "2.3.8",
      "resolved": "https://registry.npmjs.org/through/-/through-2.3.8.tgz",
      "integrity": "sha1-DdTJ/6q8NXlgsbckEV1+Doai4fU="
    },
    "node_modules/through2": {
      "version": "0.5.1",
      "resolved": "http://registry.npm.taobao.org/through2/download/through2-0.5.1.tgz",
      "license": "MIT",
      "dependencies": {
        "readable-stream": "~1.0.17",
        "xtend": "~3.0.0"
      }
    },
    "node_modules/vinyl": {
      "version": "0.2.3",
      "resolved": "http://registry.npm.taobao.org/vinyl/download/vinyl-0.2.3.tgz",
      "dependencies": {
        "clone-stats": "~0.0.1"
      },
      "engines": {
        "node": ">= 0.9"
      }
    },
    "node_modules/xtend": {
      "version": "3.0.0",
      "resolved": "http://registry.npm.taobao.org/xtend/download/xtend-3.0.0.tgz",
      "engines": {
        "node": ">=0.4"
      }
    }
  },
  "dependencies": {
    "ansi-regex": {
      "version": "0.2.1",
      "resolved": "http://registry.npm.taobao.org/ansi-regex/download/ansi-regex-0.2.1.tgz"
    },
    "ansi-styles": {
      "version": "1.1.0",
      "resolved": "http://registry.npm.taobao.org/ansi-styles/download/ansi-styles-1.1.0.tgz"
    },
    "chalk": {
      "version": "0.5.1",
      "resolved": "http://registry.npm.taobao.org/chalk/download/chalk-0.5.1.tgz",
      "requires": {
        "ansi-styles": "^1.1.0",
        "escape-string-regexp": "^1.0.0",
        "has-ansi": "^0.1.0",
        "strip-ansi": "^0.3.0",
        "supports-color": "^0.2.0"
      }
    },
    "duplexer": {
      "version": "0.1.2",
      "resolved": "https://registry.npmjs.org/duplexer/-/duplexer-0.1.2.tgz",
      "integrity": "sha512-jtD6YG370ZCIi/9GTaJKQxWTZD045+4R4hTk/x1UyoqadyJ9x9CgSi1RlVDQF8U2sxLLSnFkCaMihqljHIWgMg=="
    },
    "event-stream": {
      "version": "4.0.1",
      "resolved": "https://registry.npmjs.org/event-stream/-/event-stream-4.0.1.tgz",
      "integrity": "sha512-qACXdu/9VHPBzcyhdOWR5/IahhGMf0roTeZJfzz077GwylcDd90yOHLouhmv7GJ5XzPi6ekaQWd8AvPP2nOvpA==",
      "requires": {
        "duplexer": "^0.1.1",
        "from": "^0.1.7",
        "map-stream": "0.0.7",
        "pause-stream": "^0.0.11",
        "split": "^1.0.1",
        "stream-combiner": "^0.2.2",
        "through": "^2.3.8"
      }
    },
    "from": {
      "version": "0.1.7",
      "resolved": "https://registry.npmjs.org/from/-/from-0.1.7.tgz",
      "integrity": "sha1-g8YK/Fi5xWmXAH7Rp2izqzA6RP4="
    },
    "gulp-util": {
      "version": "2.2.20",
      "resolved": "http://registry.npm.taobao.org/gulp-util/download/gulp-util-2.2.20.tgz",
      "requires": {
        "chalk": "^0.5.0",
        "dateformat": "^1.0.7-1.2.3",
        "lodash._reinterpolate": "^2.4.1",
        "lodash.template": "^2.4.1",
        "minimist": "^0.2.0",
        "multipipe": "^0.1.0",
        "through2": "^0.5.0",
        "vinyl": "^0.2.1"
      }
    },
    "has-ansi": {
      "version": "0.1.0",
      "resolved": "http://registry.npm.taobao.org/has-ansi/download/has-ansi-0.1.0.tgz",
      "requires": {
        "ansi-regex": "^0.2.0"
      }
    },
    "lodash._reinterpolate": {
      "version": "2.4.1",
      "resolved": "http://registry.npm.taobao.org/lodash._reinterpolate/download/lodash._reinterpolate-2.4.1.tgz"
    },
    "lodash.escape": {
      "version": "2.4.1",
      "resolved": "http://registry.npm.taobao.org/lodash.escape/download/lodash.escape-2.4.1.tgz",
      "requires": {
        "lodash._escapehtmlchar": "~2.4.1",
        "lodash._reunescapedhtml": "~2.4.1",
        "lodash.keys": "~2.4.1"
      }
    },
    "lodash.keys": {
      "version": "2.4.1",
      "resolved": "http://registry.npm.taobao.org/lodash.keys/download/lodash.keys-2.4.1.tgz",
      "requires": {
        "lodash._isnative": "~2.4.1",
        "lodash._shimkeys": "~2.4.1",
        "lodash.isobject": "~2.4.1"
      }
    },
    "lodash.template": {
      "version": "2.4.1",
      "resolved": "http://registry.npm.taobao.org/lodash.template/download/lodash.template-2.4.1.tgz",
      "requires": {
        "lodash._escapestringchar": "~2.4.1",
        "lodash._reinterpolate": "~2.4.1",
        "lodash.defaults": "~2.4.1",
        "lodash.escape": "~2.4.1",
        "lodash.keys": "~2.4.1",
        "lodash.templatesettings": "~2.4.1",
        "lodash.values": "~2.4.1"
      }
    },
    "lodash.templatesettings": {
      "version": "2.4.1",
      "resolved": "http://registry.npm.taobao.org/lodash.templatesettings/download/lodash.templatesettings-2.4.1.tgz",
      "requires": {
        "lodash._reinterpolate": "~2.4.1",
        "lodash.escape": "~2.4.1"
      }
    },
    "map-stream": {
      "version": "0.0.7",
      "resolved": "https://registry.npmjs.org/map-stream/-/map-stream-0.0.7.tgz",
      "integrity": "sha1-ih8HiW2CsQkmvTdEokIACfiJdKg="
    },
    "minimist": {
      "version": "0.2.0",
      "resolved": "http://registry.npm.taobao.org/minimist/download/minimist-0.2.0.tgz"
    },
    "pause-stream": {
      "version": "0.0.11",
      "resolved": "https://registry.npmjs.org/pause-stream/-/pause-stream-0.0.11.tgz",
      "integrity": "sha1-/lo0sMvOErWqaitAPuLnO2AvFEU=",
      "requires": {
        "through": "~2.3"
      }
    },
    "readable-stream": {
      "version": "1.0.34",
      "resolved": "http://registry.npm.taobao.org/readable-stream/download/readable-stream-1.0.34.tgz",
      "requires": {
        "core-util-is": "~1.0.0",
        "inherits": "~2.0.1",
        "isarray": "0.0.1",
        "string_decoder": "~0.10.x"
      }
    },
    "split": {
      "version": "1.0.1",
      "resolved": "https://registry.npmjs.org/split/-/split-1.0.1.tgz",
      "integrity": "sha512-mTyOoPbrivtXnwnIxZRFYRrPNtEFKlpB2fvjSnCQUiAA6qAZzqwna5envK4uk6OIeP17CsdF3rSBGYVBsU0Tkg==",
      "requires": {
        "through": "2"
      }
    },
    "stream-combiner": {
      "version": "0.2.2",
      "resolved": "https://registry.npmjs.org/stream-combiner/-/stream-combiner-0.2.2.tgz",
      "integrity": "sha1-rsjLrBd7Vrb0+kec7YwZEs7lKFg=",
      "requires": {
        "duplexer": "~0.1.1",
        "through": "~2.3.4"
      }
    },
    "strip-ansi": {
      "version": "0.3.0",
      "resolved": "http://registry.npm.taobao.org/strip-ansi/download/strip-ansi-0.3.0.tgz",
      "requires": {
        "ansi-regex": "^0.2.1"
      }
    },
    "supports-color": {
      "version": "0.2.0",
      "resolved": "http://registry.npm.taobao.org/supports-color/download/supports-color-0.2.0.tgz"
    },
    "through": {
      "version": "2.3.8",
      "resolved": "https://registry.npmjs.org/through/-/through-2.3.8.tgz",
      "integrity": "sha1-DdTJ/6q8NXlgsbckEV1+Doai4fU="
    },
    "through2": {
      "version": "0.5.1",
      "resolved": "http://registry.npm.taobao.org/through2/download/through2-0.5.1.tgz",
      "requires": {
        "readable-stream": "~1.0.17",
        "xtend": "~3.0.0"
      }
    },
    "vinyl": {
      "version": "0.2.3",
      "resolved": "http://registry.npm.taobao.org/vinyl/download/vinyl-0.2.3.tgz",
      "requires": {
        "clone-stats": "~0.0.1"
      }
    },
    "xtend": {
      "version": "3.0.0",
      "resolved": "http://registry.npm.taobao.org/xtend/download/xtend-3.0.0.tgz"
    }
  }
}
